
Microsoft Visual Studio Solution File, Format Version 12.00
# Visual Studio Version 17
VisualStudioVersion = 17.0.31903.59
MinimumVisualStudioVersion = 10.0.40219.1
Project("{9A19103F-16F7-4668-BE54-9A1E7A4F7556}") = "BookStore.Domain", "BookStore.Domain\BookStore.Domain.csproj", "{56A567B7-7154-418C-9E78-051E2EB0A96C}"
EndProject
Project("{9A19103F-16F7-4668-BE54-9A1E7A4F7556}") = "BookStore.Repository", "BookStore.Repository\BookStore.Repository.csproj", "{FFCCC5A2-A117-40A0-94FE-DB43C56DF0CE}"
EndProject
Project("{9A19103F-16F7-4668-BE54-9A1E7A4F7556}") = "BookStore.Service", "BookStore.Service\BookStore.Service.csproj", "{CD26829E-5AC0-46E7-AC26-0082D4B35A33}"
EndProject
Project("{9A19103F-16F7-4668-BE54-9A1E7A4F7556}") = "BookStore.Web", "BookStore.Web\BookStore.Web.csproj", "{0C3EAD33-9D18-4DB9-89C4-B4D1BCD5866A}"
EndProject
Project("{9A19103F-16F7-4668-BE54-9A1E7A4F7556}") = "BookStore.Test", "BookStore.Test\BookStore.Test.csproj", "{99370ABA-A18B-48A4-AEBC-3F894F68F168}"
EndProject
Global
	GlobalSection(SolutionConfigurationPlatforms) = preSolution
		Debug|Any CPU = Debug|Any CPU
		Release|Any CPU = Release|Any CPU
	EndGlobalSection
	GlobalSection(ProjectConfigurationPlatforms) = postSolution
		{56A567B7-7154-418C-9E78-051E2EB0A96C}.Debug|Any CPU.ActiveCfg = Debug|Any CPU
		{56A567B7-7154-418C-9E78-051E2EB0A96C}.Debug|Any CPU.Build.0 = Debug|Any CPU
		{56A567B7-7154-418C-9E78-051E2EB0A96C}.Release|Any CPU.ActiveCfg = Release|Any CPU
		{56A567B7-7154-418C-9E78-051E2EB0A96C}.Release|Any CPU.Build.0 = Release|Any CPU
		{FFCCC5A2-A117-40A0-94FE-DB43C56DF0CE}.Debug|Any CPU.ActiveCfg = Debug|Any CPU
		{FFCCC5A2-A117-40A0-94FE-DB43C56DF0CE}.Debug|Any CPU.Build.0 = Debug|Any CPU
		{FFCCC5A2-A117-40A0-94FE-DB43C56DF0CE}.Release|Any CPU.ActiveCfg = Release|Any CPU
		{FFCCC5A2-A117-40A0-94FE-DB43C56DF0CE}.Release|Any CPU.Build.0 = Release|Any CPU
		{CD26829E-5AC0-46E7-AC26-0082D4B35A33}.Debug|Any CPU.ActiveCfg = Debug|Any CPU
		{CD26829E-5AC0-46E7-AC26-0082D4B35A33}.Debug|Any CPU.Build.0 = Debug|Any CPU
		{CD26829E-5AC0-46E7-AC26-0082D4B35A33}.Release|Any CPU.ActiveCfg = Release|Any CPU
		{CD26829E-5AC0-46E7-AC26-0082D4B35A33}.Release|Any CPU.Build.0 = Release|Any CPU
		{0C3EAD33-9D18-4DB9-89C4-B4D1BCD5866A}.Debug|Any CPU.ActiveCfg = Debug|Any CPU
		{0C3EAD33-9D18-4DB9-89C4-B4D1BCD5866A}.Debug|Any CPU.Build.0 = Debug|Any CPU
		{0C3EAD33-9D18-4DB9-89C4-B4D1BCD5866A}.Release|Any CPU.ActiveCfg = Release|Any CPU
		{0C3EAD33-9D18-4DB9-89C4-B4D1BCD5866A}.Release|Any CPU.Build.0 = Release|Any CPU
		{99370ABA-A18B-48A4-AEBC-3F894F68F168}.Debug|Any CPU.ActiveCfg = Debug|Any CPU
		{99370ABA-A18B-48A4-AEBC-3F894F68F168}.Release|Any CPU.ActiveCfg = Release|Any CPU
		{99370ABA-A18B-48A4-AEBC-3F894F68F168}.Release|Any CPU.Build.0 = Release|Any CPU
	EndGlobalSection
	GlobalSection(SolutionProperties) = preSolution
		HideSolutionNode = FALSE
	EndGlobalSection
	GlobalSection(ExtensibilityGlobals) = postSolution
		SolutionGuid = {70F2A23B-8AD1-4F59-9A11-B572CB17A324}
	EndGlobalSection
EndGlobal
